{
  "name": "com.dovocode.freeathome",
  "version": "1.0.0",
  "lockfileVersion": 2,
  "requires": true,
  "packages": {
    "": {
      "name": "com.dovocode.freeathome",
      "version": "1.0.0",
      "dependencies": {
        "@dominicvonk/fah": "^1.0.32"
      },
      "devDependencies": {
        "@tsconfig/node12": "^1.0.11",
        "@types/homey": "npm:homey-apps-sdk-v3-types@0.3.1",
        "@types/node": "^18.8.5",
        "typescript": "^4.8.4"
      }
    },
    "node_modules/@dominicvonk/fah": {
      "version": "1.0.32",
      "resolved": "https://registry.npmjs.org/@dominicvonk/fah/-/fah-1.0.32.tgz",
      "integrity": "sha512-FY0DTtcQ5dmfRcYG+mxnrONo+1gpxG6HyXZUlNNnljLFpKL8oq59VQMeQ+MNQAkS2wWzgo8qnRxr96Il6gRYFg==",
      "dependencies": {
        "node-fetch": "^2.6.6",
        "ws": "^8.4.0"
      }
    },
    "node_modules/@tsconfig/node12": {
      "version": "1.0.11",
      "resolved": "https://registry.npmjs.org/@tsconfig/node12/-/node12-1.0.11.tgz",
      "integrity": "sha512-cqefuRsh12pWyGsIoBKJA9luFu3mRxCA+ORZvA4ktLSzIuCUtWVxGIuXigEwO5/ywWFMZ2QEGKWvkZG1zDMTag==",
      "dev": true
    },
    "node_modules/@types/homey": {
      "name": "homey-apps-sdk-v3-types",
      "version": "0.3.1",
      "resolved": "https://registry.npmjs.org/homey-apps-sdk-v3-types/-/homey-apps-sdk-v3-types-0.3.1.tgz",
      "integrity": "sha512-4W4YW/ib4hK7zC6vQT1ryfySJ2GOuite7cKmYRZ4BuGgwYweIOMwZLTJ+iZBWy11Ni/Pl3Tnp/pQD+qJJCcdyg==",
      "dev": true,
      "dependencies": {
        "@types/node": "^14.14.20"
      }
    },
    "node_modules/@types/homey/node_modules/@types/node": {
      "version": "14.18.32",
      "resolved": "https://registry.npmjs.org/@types/node/-/node-14.18.32.tgz",
      "integrity": "sha512-Y6S38pFr04yb13qqHf8uk1nHE3lXgQ30WZbv1mLliV9pt0NjvqdWttLcrOYLnXbOafknVYRHZGoMSpR9UwfYow==",
      "dev": true
    },
    "node_modules/@types/node": {
      "version": "18.8.5",
      "resolved": "https://registry.npmjs.org/@types/node/-/node-18.8.5.tgz",
      "integrity": "sha512-Bq7G3AErwe5A/Zki5fdD3O6+0zDChhg671NfPjtIcbtzDNZTv4NPKMRFr7gtYPG7y+B8uTiNK4Ngd9T0FTar6Q==",
      "dev": true
    },
    "node_modules/node-fetch": {
      "version": "2.6.7",
      "resolved": "https://registry.npmjs.org/node-fetch/-/node-fetch-2.6.7.tgz",
      "integrity": "sha512-ZjMPFEfVx5j+y2yF35Kzx5sF7kDzxuDj6ziH4FFbOp87zKDZNx8yExJIb05OGF4Nlt9IHFIMBkRl41VdvcNdbQ==",
      "dependencies": {
        "whatwg-url": "^5.0.0"
      },
      "engines": {
        "node": "4.x || >=6.0.0"
      },
      "peerDependencies": {
        "encoding": "^0.1.0"
      },
      "peerDependenciesMeta": {
        "encoding": {
          "optional": true
        }
      }
    },
    "node_modules/tr46": {
      "version": "0.0.3",
      "resolved": "https://registry.npmjs.org/tr46/-/tr46-0.0.3.tgz",
      "integrity": "sha512-N3WMsuqV66lT30CrXNbEjx4GEwlow3v6rr4mCcv6prnfwhS01rkgyFdjPNBYd9br7LpXV1+Emh01fHnq2Gdgrw=="
    },
    "node_modules/typescript": {
      "version": "4.8.4",
      "resolved": "https://registry.npmjs.org/typescript/-/typescript-4.8.4.tgz",
      "integrity": "sha512-QCh+85mCy+h0IGff8r5XWzOVSbBO+KfeYrMQh7NJ58QujwcE22u+NUSmUxqF+un70P9GXKxa2HCNiTTMJknyjQ==",
      "dev": true,
      "bin": {
        "tsc": "bin/tsc",
        "tsserver": "bin/tsserver"
      },
      "engines": {
        "node": ">=4.2.0"
      }
    },
    "node_modules/webidl-conversions": {
      "version": "3.0.1",
      "resolved": "https://registry.npmjs.org/webidl-conversions/-/webidl-conversions-3.0.1.tgz",
      "integrity": "sha512-2JAn3z8AR6rjK8Sm8orRC0h/bcl/DqL7tRPdGZ4I1CjdF+EaMLmYxBHyXuKL849eucPFhvBoxMsflfOb8kxaeQ=="
    },
    "node_modules/whatwg-url": {
      "version": "5.0.0",
      "resolved": "https://registry.npmjs.org/whatwg-url/-/whatwg-url-5.0.0.tgz",
      "integrity": "sha512-saE57nupxk6v3HY35+jzBwYa0rKSy0XR8JSxZPwgLr7ys0IBzhGviA1/TUGJLmSVqs8pb9AnvICXEuOHLprYTw==",
      "dependencies": {
        "tr46": "~0.0.3",
        "webidl-conversions": "^3.0.0"
      }
    },
    "node_modules/ws": {
      "version": "8.9.0",
      "resolved": "https://registry.npmjs.org/ws/-/ws-8.9.0.tgz",
      "integrity": "sha512-Ja7nszREasGaYUYCI2k4lCKIRTt+y7XuqVoHR44YpI49TtryyqbqvDMn5eqfW7e6HzTukDRIsXqzVHScqRcafg==",
      "engines": {
        "node": ">=10.0.0"
      },
      "peerDependencies": {
        "bufferutil": "^4.0.1",
        "utf-8-validate": "^5.0.2"
      },
      "peerDependenciesMeta": {
        "bufferutil": {
          "optional": true
        },
        "utf-8-validate": {
          "optional": true
        }
      }
    }
  },
  "dependencies": {
    "@dominicvonk/fah": {
      "version": "1.0.32",
      "resolved": "https://registry.npmjs.org/@dominicvonk/fah/-/fah-1.0.32.tgz",
      "integrity": "sha512-FY0DTtcQ5dmfRcYG+mxnrONo+1gpxG6HyXZUlNNnljLFpKL8oq59VQMeQ+MNQAkS2wWzgo8qnRxr96Il6gRYFg==",
      "requires": {
        "node-fetch": "^2.6.6",
        "ws": "^8.4.0"
      }
    },
    "@tsconfig/node12": {
      "version": "1.0.11",
      "resolved": "https://registry.npmjs.org/@tsconfig/node12/-/node12-1.0.11.tgz",
      "integrity": "sha512-cqefuRsh12pWyGsIoBKJA9luFu3mRxCA+ORZvA4ktLSzIuCUtWVxGIuXigEwO5/ywWFMZ2QEGKWvkZG1zDMTag==",
      "dev": true
    },
    "@types/homey": {
      "version": "npm:homey-apps-sdk-v3-types@0.3.1",
      "resolved": "https://registry.npmjs.org/homey-apps-sdk-v3-types/-/homey-apps-sdk-v3-types-0.3.1.tgz",
      "integrity": "sha512-4W4YW/ib4hK7zC6vQT1ryfySJ2GOuite7cKmYRZ4BuGgwYweIOMwZLTJ+iZBWy11Ni/Pl3Tnp/pQD+qJJCcdyg==",
      "dev": true,
      "requires": {
        "@types/node": "^14.14.20"
      },
      "dependencies": {
        "@types/node": {
          "version": "14.18.32",
          "resolved": "https://registry.npmjs.org/@types/node/-/node-14.18.32.tgz",
          "integrity": "sha512-Y6S38pFr04yb13qqHf8uk1nHE3lXgQ30WZbv1mLliV9pt0NjvqdWttLcrOYLnXbOafknVYRHZGoMSpR9UwfYow==",
          "dev": true
        }
      }
    },
    "@types/node": {
      "version": "18.8.5",
      "resolved": "https://registry.npmjs.org/@types/node/-/node-18.8.5.tgz",
      "integrity": "sha512-Bq7G3AErwe5A/Zki5fdD3O6+0zDChhg671NfPjtIcbtzDNZTv4NPKMRFr7gtYPG7y+B8uTiNK4Ngd9T0FTar6Q==",
      "dev": true
    },
    "node-fetch": {
      "version": "2.6.7",
      "resolved": "https://registry.npmjs.org/node-fetch/-/node-fetch-2.6.7.tgz",
      "integrity": "sha512-ZjMPFEfVx5j+y2yF35Kzx5sF7kDzxuDj6ziH4FFbOp87zKDZNx8yExJIb05OGF4Nlt9IHFIMBkRl41VdvcNdbQ==",
      "requires": {
        "whatwg-url": "^5.0.0"
      }
    },
    "tr46": {
      "version": "0.0.3",
      "resolved": "https://registry.npmjs.org/tr46/-/tr46-0.0.3.tgz",
      "integrity": "sha512-N3WMsuqV66lT30CrXNbEjx4GEwlow3v6rr4mCcv6prnfwhS01rkgyFdjPNBYd9br7LpXV1+Emh01fHnq2Gdgrw=="
    },
    "typescript": {
      "version": "4.8.4",
      "resolved": "https://registry.npmjs.org/typescript/-/typescript-4.8.4.tgz",
      "integrity": "sha512-QCh+85mCy+h0IGff8r5XWzOVSbBO+KfeYrMQh7NJ58QujwcE22u+NUSmUxqF+un70P9GXKxa2HCNiTTMJknyjQ==",
      "dev": true
    },
    "webidl-conversions": {
      "version": "3.0.1",
      "resolved": "https://registry.npmjs.org/webidl-conversions/-/webidl-conversions-3.0.1.tgz",
      "integrity": "sha512-2JAn3z8AR6rjK8Sm8orRC0h/bcl/DqL7tRPdGZ4I1CjdF+EaMLmYxBHyXuKL849eucPFhvBoxMsflfOb8kxaeQ=="
    },
    "whatwg-url": {
      "version": "5.0.0",
      "resolved": "https://registry.npmjs.org/whatwg-url/-/whatwg-url-5.0.0.tgz",
      "integrity": "sha512-saE57nupxk6v3HY35+jzBwYa0rKSy0XR8JSxZPwgLr7ys0IBzhGviA1/TUGJLmSVqs8pb9AnvICXEuOHLprYTw==",
      "requires": {
        "tr46": "~0.0.3",
        "webidl-conversions": "^3.0.0"
      }
    },
    "ws": {
      "version": "8.9.0",
      "resolved": "https://registry.npmjs.org/ws/-/ws-8.9.0.tgz",
      "integrity": "sha512-Ja7nszREasGaYUYCI2k4lCKIRTt+y7XuqVoHR44YpI49TtryyqbqvDMn5eqfW7e6HzTukDRIsXqzVHScqRcafg==",
      "requires": {}
    }
  }
}
